# THIS IS AN AUTOGENERATED FILE. DO NOT EDIT THIS FILE DIRECTLY.
# yarn lockfile v1


bulma@^0.4.0:
  version "0.4.0"
  resolved "https://registry.yarnpkg.com/bulma/-/bulma-0.4.0.tgz#2a0b07555d53bb4eb17861e3159e2616c21dfa6c"

font-awesome@^4.7.0:
  version "4.7.0"
  resolved "https://registry.yarnpkg.com/font-awesome/-/font-awesome-4.7.0.tgz#8fa8cf0411a1a31afd07b06d2902bb9fc815a133"

vue-electron@^1.0.6:
  version "1.0.6"
  resolved "https://registry.yarnpkg.com/vue-electron/-/vue-electron-1.0.6.tgz#e798e03180b8933539defe31f92e53b9242b9406"

vue-radial-progress@^0.2.10:
  version "0.2.10"
  resolved "https://registry.yarnpkg.com/vue-radial-progress/-/vue-radial-progress-0.2.10.tgz#b4064c5d0750daf0ee6a9e323b3f79bd2bd6dedc"

vue-router@^2.1.2:
  version "2.3.0"
  resolved "https://registry.yarnpkg.com/vue-router/-/vue-router-2.3.0.tgz#a25c8359e8ca989d22ce79f64322eb0ad0c8670f"

vue@^2.1.10:
  version "2.2.4"
  resolved "https://registry.yarnpkg.com/vue/-/vue-2.2.4.tgz#d0a3a050a80a12356d7950ae5a7b3131048209cc"

vuex@^2.1.1:
  version "2.2.1"
  resolved "https://registry.yarnpkg.com/vuex/-/vuex-2.2.1.tgz#a42d0ce18cb0e0359258f84bfd76835ed468c185"
